
Microsoft Visual Studio Solution File, Format Version 12.00
# Visual Studio Version 17
VisualStudioVersion = 17.9.34701.34
MinimumVisualStudioVersion = 10.0.40219.1
Project("{FAE04EC0-301F-11D3-BF4B-00C04F79EFBC}") = "nanoCADFirstApp", "nanoCADFirstApp\nanoCADFirstApp.csproj", "{8DB1513C-226F-4D66-96F3-0ABF3C963280}"
EndProject
Global
	GlobalSection(SolutionConfigurationPlatforms) = preSolution
		Debug|Any CPU = Debug|Any CPU
		Release|Any CPU = Release|Any CPU
	EndGlobalSection
	GlobalSection(ProjectConfigurationPlatforms) = postSolution
		{8DB1513C-226F-4D66-96F3-0ABF3C963280}.Debug|Any CPU.ActiveCfg = Debug|Any CPU
		{8DB1513C-226F-4D66-96F3-0ABF3C963280}.Debug|Any CPU.Build.0 = Debug|Any CPU
		{8DB1513C-226F-4D66-96F3-0ABF3C963280}.Release|Any CPU.ActiveCfg = Release|Any CPU
		{8DB1513C-226F-4D66-96F3-0ABF3C963280}.Release|Any CPU.Build.0 = Release|Any CPU
	EndGlobalSection
	GlobalSection(SolutionProperties) = preSolution
		HideSolutionNode = FALSE
	EndGlobalSection
	GlobalSection(ExtensibilityGlobals) = postSolution
		SolutionGuid = {1C3BDF46-62CE-4A16-9F23-5A2EA55E8E81}
	EndGlobalSection
EndGlobal
